
Microsoft Visual Studio Solution File, Format Version 12.00
# Visual Studio 15
VisualStudioVersion = 15.0.27130.2010
MinimumVisualStudioVersion = 10.0.40219.1
Project("{FAE04EC0-301F-11D3-BF4B-00C04F79EFBC}") = "ProofOfWork", "ProofOfWork\ProofOfWork.csproj", "{BCAB9A7D-5B5F-43FE-B882-C3C77437A9E6}"
EndProject
Global
	GlobalSection(SolutionConfigurationPlatforms) = preSolution
		Debug|Any CPU = Debug|Any CPU
		Release|Any CPU = Release|Any CPU
	EndGlobalSection
	GlobalSection(ProjectConfigurationPlatforms) = postSolution
		{BCAB9A7D-5B5F-43FE-B882-C3C77437A9E6}.Debug|Any CPU.ActiveCfg = Debug|Any CPU
		{BCAB9A7D-5B5F-43FE-B882-C3C77437A9E6}.Debug|Any CPU.Build.0 = Debug|Any CPU
		{BCAB9A7D-5B5F-43FE-B882-C3C77437A9E6}.Release|Any CPU.ActiveCfg = Release|Any CPU
		{BCAB9A7D-5B5F-43FE-B882-C3C77437A9E6}.Release|Any CPU.Build.0 = Release|Any CPU
	EndGlobalSection
	GlobalSection(SolutionProperties) = preSolution
		HideSolutionNode = FALSE
	EndGlobalSection
	GlobalSection(ExtensibilityGlobals) = postSolution
		SolutionGuid = {728207C5-F86B-4AA5-AEE5-C395F4076777}
	EndGlobalSection
EndGlobal
